// !$*UTF8*$!
{
	archiveVersion = 1;
	classes = {
	};
	objectVersion = 77;
	objects = {

/* Begin PBXBuildFile section */
		E6CC3A3D2F2183BC005A84EB /* SDWebImageSVGCoder in Frameworks */ = {isa = PBXBuildFile; productRef = E6CC3A3C2F2183BC005A84EB /* SDWebImageSVGCoder */; };
		E6CC3A402F2183D2005A84EB /* SDWebImageSwiftUI in Frameworks */ = {isa = PBXBuildFile; productRef = E6CC3A3F2F2183D2005A84EB /* SDWebImageSwiftUI */; };
		E6CC3A432F2183EA005A84EB /* Highlightr in Frameworks */ = {isa = PBXBuildFile; productRef = E6CC3A422F2183EA005A84EB /* Highlightr */; };
/* End PBXBuildFile section */

/* Begin PBXContainerItemProxy section */
		E6531D5D2F25F719002ACE69 /* PBXContainerItemProxy */ = {
			isa = PBXContainerItemProxy;
			containerPortal = E6C8EAFE2F2034A600AA1B97 /* Project object */;
			proxyType = 1;
			remoteGlobalIDString = E6C8EB052F2034A600AA1B97;
			remoteInfo = TextEditor;
		};
		E6531D6C2F25F759002ACE69 /* PBXContainerItemProxy */ = {
			isa = PBXContainerItemProxy;
			containerPortal = E6C8EAFE2F2034A600AA1B97 /* Project object */;
			proxyType = 1;
			remoteGlobalIDString = E6C8EB052F2034A600AA1B97;
			remoteInfo = TextEditor;
		};
		E6531D7B2F25F771002ACE69 /* PBXContainerItemProxy */ = {
			isa = PBXContainerItemProxy;
			containerPortal = E6C8EAFE2F2034A600AA1B97 /* Project object */;
			proxyType = 1;
			remoteGlobalIDString = E6C8EB052F2034A600AA1B97;
			remoteInfo = TextEditor;
		};
/* End PBXContainerItemProxy section */

/* Begin PBXFileReference section */
		E6531D592F25F719002ACE69 /* TextEditorTests.xctest */ = {isa = PBXFileReference; explicitFileType = wrapper.cfbundle; includeInIndex = 0; path = TextEditorTests.xctest; sourceTree = BUILT_PRODUCTS_DIR; };
		E6531D682F25F759002ACE69 /* TextEditor-UnitTests.xctest */ = {isa = PBXFileReference; explicitFileType = wrapper.cfbundle; includeInIndex = 0; path = "TextEditor-UnitTests.xctest"; sourceTree = BUILT_PRODUCTS_DIR; };
		E6531D752F25F771002ACE69 /* TextEditor-UITests.xctest */ = {isa = PBXFileReference; explicitFileType = wrapper.cfbundle; includeInIndex = 0; path = "TextEditor-UITests.xctest"; sourceTree = BUILT_PRODUCTS_DIR; };
		E6C8EB062F2034A600AA1B97 /* TextEditor.app */ = {isa = PBXFileReference; explicitFileType = wrapper.application; includeInIndex = 0; path = TextEditor.app; sourceTree = BUILT_PRODUCTS_DIR; };
/* End PBXFileReference section */

/* Begin PBXFileSystemSynchronizedBuildFileExceptionSet section */
		E6F6DF952F28A4560055E871 /* Exceptions for "TextEditor" folder in "TextEditor" target */ = {
			isa = PBXFileSystemSynchronizedBuildFileExceptionSet;
			membershipExceptions = (
				Examples/TextEditor_Backup,
			);
			target = E6C8EB052F2034A600AA1B97 /* TextEditor */;
		};
/* End PBXFileSystemSynchronizedBuildFileExceptionSet section */

/* Begin PBXFileSystemSynchronizedRootGroup section */
		E6531D692F25F759002ACE69 /* TextEditor-UnitTests */ = {
			isa = PBXFileSystemSynchronizedRootGroup;
			path = "TextEditor-UnitTests";
			sourceTree = "<group>";
		};
		E6531D762F25F771002ACE69 /* TextEditor-UITests */ = {
			isa = PBXFileSystemSynchronizedRootGroup;
			path = "TextEditor-UITests";
			sourceTree = "<group>";
		};
		E6C8EB082F2034A600AA1B97 /* TextEditor */ = {
			isa = PBXFileSystemSynchronizedRootGroup;
			exceptions = (
				E6F6DF952F28A4560055E871 /* Exceptions for "TextEditor" folder in "TextEditor" target */,
			);
			explicitFolders = (
				Examples/TextEditor_Backup,
			);
			path = TextEditor;
			sourceTree = "<group>";
		};
/* End PBXFileSystemSynchronizedRootGroup section */

/* Begin PBXFrameworksBuildPhase section */
		E6531D562F25F719002ACE69 /* Frameworks */ = {
			isa = PBXFrameworksBuildPhase;
			buildActionMask = 2147483647;
			files = (
			);
			runOnlyForDeploymentPostprocessing = 0;
		};
		E6531D652F25F759002ACE69 /* Frameworks */ = {
			isa = PBXFrameworksBuildPhase;
			buildActionMask = 2147483647;
			files = (
			);
			runOnlyForDeploymentPostprocessing = 0;
		};
		E6531D722F25F771002ACE69 /* Frameworks */ = {
			isa = PBXFrameworksBuildPhase;
			buildActionMask = 2147483647;
			files = (
			);
			runOnlyForDeploymentPostprocessing = 0;
		};
		E6C8EB032F2034A600AA1B97 /* Frameworks */ = {
			isa = PBXFrameworksBuildPhase;
			buildActionMask = 2147483647;
			files = (
				E6CC3A402F2183D2005A84EB /* SDWebImageSwiftUI in Frameworks */,
				E6CC3A432F2183EA005A84EB /* Highlightr in Frameworks */,
				E6CC3A3D2F2183BC005A84EB /* SDWebImageSVGCoder in Frameworks */,
			);
			runOnlyForDeploymentPostprocessing = 0;
		};
/* End PBXFrameworksBuildPhase section */

/* Begin PBXGroup section */
		E6C8EAFD2F2034A600AA1B97 = {
			isa = PBXGroup;
			children = (
				E6C8EB082F2034A600AA1B97 /* TextEditor */,
				E6531D692F25F759002ACE69 /* TextEditor-UnitTests */,
				E6531D762F25F771002ACE69 /* TextEditor-UITests */,
				E6C8EB072F2034A600AA1B97 /* Products */,
			);
			sourceTree = "<group>";
		};
		E6C8EB072F2034A600AA1B97 /* Products */ = {
			isa = PBXGroup;
			children = (
				E6C8EB062F2034A600AA1B97 /* TextEditor.app */,
				E6531D592F25F719002ACE69 /* TextEditorTests.xctest */,
				E6531D682F25F759002ACE69 /* TextEditor-UnitTests.xctest */,
				E6531D752F25F771002ACE69 /* TextEditor-UITests.xctest */,
			);
			name = Products;
			sourceTree = "<group>";
		};
/* End PBXGroup section */

/* Begin PBXNativeTarget section */
		E6531D582F25F719002ACE69 /* TextEditorTests */ = {
			isa = PBXNativeTarget;
			buildConfigurationList = E6531D612F25F719002ACE69 /* Build configuration list for PBXNativeTarget "TextEditorTests" */;
			buildPhases = (
				E6531D552F25F719002ACE69 /* Sources */,
				E6531D562F25F719002ACE69 /* Frameworks */,
				E6531D572F25F719002ACE69 /* Resources */,
			);
			buildRules = (
			);
			dependencies = (
				E6531D5E2F25F719002ACE69 /* PBXTargetDependency */,
			);
			name = TextEditorTests;
			packageProductDependencies = (
			);
			productName = TextEditorTests;
			productReference = E6531D592F25F719002ACE69 /* TextEditorTests.xctest */;
			productType = "com.apple.product-type.bundle.unit-test";
		};
		E6531D672F25F759002ACE69 /* TextEditor-UnitTests */ = {
			isa = PBXNativeTarget;
			buildConfigurationList = E6531D6E2F25F759002ACE69 /* Build configuration list for PBXNativeTarget "TextEditor-UnitTests" */;
			buildPhases = (
				E6531D642F25F759002ACE69 /* Sources */,
				E6531D652F25F759002ACE69 /* Frameworks */,
				E6531D662F25F759002ACE69 /* Resources */,
			);
			buildRules = (
			);
			dependencies = (
				E6531D6D2F25F759002ACE69 /* PBXTargetDependency */,
			);
			fileSystemSynchronizedGroups = (
				E6531D692F25F759002ACE69 /* TextEditor-UnitTests */,
			);
			name = "TextEditor-UnitTests";
			packageProductDependencies = (
			);
			productName = "TextEditor-UnitTests";
			productReference = E6531D682F25F759002ACE69 /* TextEditor-UnitTests.xctest */;
			productType = "com.apple.product-type.bundle.unit-test";
		};
		E6531D742F25F771002ACE69 /* TextEditor-UITests */ = {
			isa = PBXNativeTarget;
			buildConfigurationList = E6531D7D2F25F771002ACE69 /* Build configuration list for PBXNativeTarget "TextEditor-UITests" */;
			buildPhases = (
				E6531D712F25F771002ACE69 /* Sources */,
				E6531D722F25F771002ACE69 /* Frameworks */,
				E6531D732F25F771002ACE69 /* Resources */,
			);
			buildRules = (
			);
			dependencies = (
				E6531D7C2F25F771002ACE69 /* PBXTargetDependency */,
			);
			fileSystemSynchronizedGroups = (
				E6531D762F25F771002ACE69 /* TextEditor-UITests */,
			);
			name = "TextEditor-UITests";
			packageProductDependencies = (
			);
			productName = "TextEditor-UITests";
			productReference = E6531D752F25F771002ACE69 /* TextEditor-UITests.xctest */;
			productType = "com.apple.product-type.bundle.ui-testing";
		};
		E6C8EB052F2034A600AA1B97 /* TextEditor */ = {
			isa = PBXNativeTarget;
			buildConfigurationList = E6C8EB112F2034A800AA1B97 /* Build configuration list for PBXNativeTarget "TextEditor" */;
			buildPhases = (
				E6C8EB022F2034A600AA1B97 /* Sources */,
				E6C8EB032F2034A600AA1B97 /* Frameworks */,
				E6C8EB042F2034A600AA1B97 /* Resources */,
			);
			buildRules = (
			);
			dependencies = (
			);
			fileSystemSynchronizedGroups = (
				E6C8EB082F2034A600AA1B97 /* TextEditor */,
			);
			name = TextEditor;
			packageProductDependencies = (
				E6CC3A3C2F2183BC005A84EB /* SDWebImageSVGCoder */,
				E6CC3A3F2F2183D2005A84EB /* SDWebImageSwiftUI */,
				E6CC3A422F2183EA005A84EB /* Highlightr */,
			);
			productName = TextEditor;
			productReference = E6C8EB062F2034A600AA1B97 /* TextEditor.app */;
			productType = "com.apple.product-type.application";
		};
/* End PBXNativeTarget section */

/* Begin PBXProject section */
		E6C8EAFE2F2034A600AA1B97 /* Project object */ = {
			isa = PBXProject;
			attributes = {
				BuildIndependentTargetsInParallel = 1;
				LastSwiftUpdateCheck = 2620;
				LastUpgradeCheck = 2620;
				TargetAttributes = {
					E6531D582F25F719002ACE69 = {
						CreatedOnToolsVersion = 26.2;
						TestTargetID = E6C8EB052F2034A600AA1B97;
					};
					E6531D672F25F759002ACE69 = {
						CreatedOnToolsVersion = 26.2;
						TestTargetID = E6C8EB052F2034A600AA1B97;
					};
					E6531D742F25F771002ACE69 = {
						CreatedOnToolsVersion = 26.2;
						TestTargetID = E6C8EB052F2034A600AA1B97;
					};
					E6C8EB052F2034A600AA1B97 = {
						CreatedOnToolsVersion = 26.2;
					};
				};
			};
			buildConfigurationList = E6C8EB012F2034A600AA1B97 /* Build configuration list for PBXProject "TextEditor" */;
			developmentRegion = en;
			hasScannedForEncodings = 0;
			knownRegions = (
				en,
				Base,
			);
			mainGroup = E6C8EAFD2F2034A600AA1B97;
			minimizedProjectReferenceProxies = 1;
			packageReferences = (
				E6CC3A3B2F2183BC005A84EB /* XCRemoteSwiftPackageReference "SDWebImageSVGCoder" */,
				E6CC3A3E2F2183D2005A84EB /* XCRemoteSwiftPackageReference "SDWebImageSwiftUI" */,
				E6CC3A412F2183EA005A84EB /* XCRemoteSwiftPackageReference "Highlightr" */,
			);
			preferredProjectObjectVersion = 77;
			productRefGroup = E6C8EB072F2034A600AA1B97 /* Products */;
			projectDirPath = "";
			projectRoot = "";
			targets = (
				E6C8EB052F2034A600AA1B97 /* TextEditor */,
				E6531D582F25F719002ACE69 /* TextEditorTests */,
				E6531D672F25F759002ACE69 /* TextEditor-UnitTests */,
				E6531D742F25F771002ACE69 /* TextEditor-UITests */,
			);
		};
/* End PBXProject section */

/* Begin PBXResourcesBuildPhase section */
		E6531D572F25F719002ACE69 /* Resources */ = {
			isa = PBXResourcesBuildPhase;
			buildActionMask = 2147483647;
			files = (
			);
			runOnlyForDeploymentPostprocessing = 0;
		};
		E6531D662F25F759002ACE69 /* Resources */ = {
			isa = PBXResourcesBuildPhase;
			buildActionMask = 2147483647;
			files = (
			);
			runOnlyForDeploymentPostprocessing = 0;
		};
		E6531D732F25F771002ACE69 /* Resources */ = {
			isa = PBXResourcesBuildPhase;
			buildActionMask = 2147483647;
			files = (
			);
			runOnlyForDeploymentPostprocessing = 0;
		};
		E6C8EB042F2034A600AA1B97 /* Resources */ = {
			isa = PBXResourcesBuildPhase;
			buildActionMask = 2147483647;
			files = (
			);
			runOnlyForDeploymentPostprocessing = 0;
		};
/* End PBXResourcesBuildPhase section */

/* Begin PBXSourcesBuildPhase section */
		E6531D552F25F719002ACE69 /* Sources */ = {
			isa = PBXSourcesBuildPhase;
			buildActionMask = 2147483647;
			files = (
			);
			runOnlyForDeploymentPostprocessing = 0;
		};
		E6531D642F25F759002ACE69 /* Sources */ = {
			isa = PBXSourcesBuildPhase;
			buildActionMask = 2147483647;
			files = (
			);
			runOnlyForDeploymentPostprocessing = 0;
		};
		E6531D712F25F771002ACE69 /* Sources */ = {
			isa = PBXSourcesBuildPhase;
			buildActionMask = 2147483647;
			files = (
			);
			runOnlyForDeploymentPostprocessing = 0;
		};
		E6C8EB022F2034A600AA1B97 /* Sources */ = {
			isa = PBXSourcesBuildPhase;
			buildActionMask = 2147483647;
			files = (
			);
			runOnlyForDeploymentPostprocessing = 0;
		};
/* End PBXSourcesBuildPhase section */

/* Begin PBXTargetDependency section */
		E6531D5E2F25F719002ACE69 /* PBXTargetDependency */ = {
			isa = PBXTargetDependency;
			target = E6C8EB052F2034A600AA1B97 /* TextEditor */;
			targetProxy = E6531D5D2F25F719002ACE69 /* PBXContainerItemProxy */;
		};
		E6531D6D2F25F759002ACE69 /* PBXTargetDependency */ = {
			isa = PBXTargetDependency;
			target = E6C8EB052F2034A600AA1B97 /* TextEditor */;
			targetProxy = E6531D6C2F25F759002ACE69 /* PBXContainerItemProxy */;
		};
		E6531D7C2F25F771002ACE69 /* PBXTargetDependency */ = {
			isa = PBXTargetDependency;
			target = E6C8EB052F2034A600AA1B97 /* TextEditor */;
			targetProxy = E6531D7B2F25F771002ACE69 /* PBXContainerItemProxy */;
		};
/* End PBXTargetDependency section */

/* Begin XCBuildConfiguration section */
		E6531D5F2F25F719002ACE69 /* Debug */ = {
			isa = XCBuildConfiguration;
			buildSettings = {
				BUNDLE_LOADER = "$(TEST_HOST)";
				CODE_SIGN_STYLE = Automatic;
				CURRENT_PROJECT_VERSION = 1;
				DEVELOPMENT_TEAM = 3M7PED79H5;
				GENERATE_INFOPLIST_FILE = YES;
				IPHONEOS_DEPLOYMENT_TARGET = 26.2;
				MACOSX_DEPLOYMENT_TARGET = 26.2;
				MARKETING_VERSION = 1.0;
				PRODUCT_BUNDLE_IDENTIFIER = "com.michaelMartell.workOS-Replicate-Convex-Template.TextEditorTests";
				PRODUCT_NAME = "$(TARGET_NAME)";
				SDKROOT = auto;
				STRING_CATALOG_GENERATE_SYMBOLS = NO;
				SUPPORTED_PLATFORMS = "iphoneos iphonesimulator macosx xros xrsimulator";
				SWIFT_APPROACHABLE_CONCURRENCY = YES;
				SWIFT_EMIT_LOC_STRINGS = NO;
				SWIFT_UPCOMING_FEATURE_MEMBER_IMPORT_VISIBILITY = YES;
				SWIFT_VERSION = 5.0;
				TARGETED_DEVICE_FAMILY = "1,2,7";
				TEST_HOST = "$(BUILT_PRODUCTS_DIR)/TextEditor.app/$(BUNDLE_EXECUTABLE_FOLDER_PATH)/TextEditor";
				XROS_DEPLOYMENT_TARGET = 26.2;
			};
			name = Debug;
		};
		E6531D602F25F719002ACE69 /* Release */ = {
			isa = XCBuildConfiguration;
			buildSettings = {
				BUNDLE_LOADER = "$(TEST_HOST)";
				CODE_SIGN_STYLE = Automatic;
				CURRENT_PROJECT_VERSION = 1;
				DEVELOPMENT_TEAM = 3M7PED79H5;
				GENERATE_INFOPLIST_FILE = YES;
				IPHONEOS_DEPLOYMENT_TARGET = 26.2;
				MACOSX_DEPLOYMENT_TARGET = 26.2;
				MARKETING_VERSION = 1.0;
				PRODUCT_BUNDLE_IDENTIFIER = "com.michaelMartell.workOS-Replicate-Convex-Template.TextEditorTests";
				PRODUCT_NAME = "$(TARGET_NAME)";
				SDKROOT = auto;
				STRING_CATALOG_GENERATE_SYMBOLS = NO;
				SUPPORTED_PLATFORMS = "iphoneos iphonesimulator macosx xros xrsimulator";
				SWIFT_APPROACHABLE_CONCURRENCY = YES;
				SWIFT_EMIT_LOC_STRINGS = NO;
				SWIFT_UPCOMING_FEATURE_MEMBER_IMPORT_VISIBILITY = YES;
				SWIFT_VERSION = 5.0;
				TARGETED_DEVICE_FAMILY = "1,2,7";
				TEST_HOST = "$(BUILT_PRODUCTS_DIR)/TextEditor.app/$(BUNDLE_EXECUTABLE_FOLDER_PATH)/TextEditor";
				XROS_DEPLOYMENT_TARGET = 26.2;
			};
			name = Release;
		};
		E6531D6F2F25F759002ACE69 /* Debug */ = {
			isa = XCBuildConfiguration;
			buildSettings = {
				BUNDLE_LOADER = "$(TEST_HOST)";
				CODE_SIGN_STYLE = Automatic;
				CURRENT_PROJECT_VERSION = 1;
				DEVELOPMENT_TEAM = 3M7PED79H5;
				GENERATE_INFOPLIST_FILE = YES;
				IPHONEOS_DEPLOYMENT_TARGET = 26.2;
				MACOSX_DEPLOYMENT_TARGET = 26.2;
				MARKETING_VERSION = 1.0;
				PRODUCT_BUNDLE_IDENTIFIER = "com.michaelMartell.workOS-Replicate-Convex-Template.TextEditor-UnitTests";
				PRODUCT_NAME = "$(TARGET_NAME)";
				SDKROOT = auto;
				STRING_CATALOG_GENERATE_SYMBOLS = NO;
				SUPPORTED_PLATFORMS = "iphoneos iphonesimulator macosx xros xrsimulator";
				SWIFT_APPROACHABLE_CONCURRENCY = YES;
				SWIFT_EMIT_LOC_STRINGS = NO;
				SWIFT_UPCOMING_FEATURE_MEMBER_IMPORT_VISIBILITY = YES;
				SWIFT_VERSION = 5.0;
				TARGETED_DEVICE_FAMILY = "1,2,7";
				TEST_HOST = "$(BUILT_PRODUCTS_DIR)/TextEditor.app/$(BUNDLE_EXECUTABLE_FOLDER_PATH)/TextEditor";
				XROS_DEPLOYMENT_TARGET = 26.2;
			};
			name = Debug;
		};
		E6531D702F25F759002ACE69 /* Release */ = {
			isa = XCBuildConfiguration;
			buildSettings = {
				BUNDLE_LOADER = "$(TEST_HOST)";
				CODE_SIGN_STYLE = Automatic;
				CURRENT_PROJECT_VERSION = 1;
				DEVELOPMENT_TEAM = 3M7PED79H5;
				GENERATE_INFOPLIST_FILE = YES;
				IPHONEOS_DEPLOYMENT_TARGET = 26.2;
				MACOSX_DEPLOYMENT_TARGET = 26.2;
				MARKETING_VERSION = 1.0;
				PRODUCT_BUNDLE_IDENTIFIER = "com.michaelMartell.workOS-Replicate-Convex-Template.TextEditor-UnitTests";
				PRODUCT_NAME = "$(TARGET_NAME)";
				SDKROOT = auto;
				STRING_CATALOG_GENERATE_SYMBOLS = NO;
				SUPPORTED_PLATFORMS = "iphoneos iphonesimulator macosx xros xrsimulator";
				SWIFT_APPROACHABLE_CONCURRENCY = YES;
				SWIFT_EMIT_LOC_STRINGS = NO;
				SWIFT_UPCOMING_FEATURE_MEMBER_IMPORT_VISIBILITY = YES;
				SWIFT_VERSION = 5.0;
				TARGETED_DEVICE_FAMILY = "1,2,7";
				TEST_HOST = "$(BUILT_PRODUCTS_DIR)/TextEditor.app/$(BUNDLE_EXECUTABLE_FOLDER_PATH)/TextEditor";
				XROS_DEPLOYMENT_TARGET = 26.2;
			};
			name = Release;
		};
		E6531D7E2F25F771002ACE69 /* Debug */ = {
			isa = XCBuildConfiguration;
			buildSettings = {
				CODE_SIGN_STYLE = Automatic;
				CURRENT_PROJECT_VERSION = 1;
				DEVELOPMENT_TEAM = 3M7PED79H5;
				GENERATE_INFOPLIST_FILE = YES;
				IPHONEOS_DEPLOYMENT_TARGET = 26.2;
				MACOSX_DEPLOYMENT_TARGET = 26.2;
				MARKETING_VERSION = 1.0;
				PRODUCT_BUNDLE_IDENTIFIER = "com.michaelMartell.workOS-Replicate-Convex-Template.TextEditor-UITests";
				PRODUCT_NAME = "$(TARGET_NAME)";
				SDKROOT = auto;
				STRING_CATALOG_GENERATE_SYMBOLS = NO;
				SUPPORTED_PLATFORMS = "iphoneos iphonesimulator macosx xros xrsimulator";
				SWIFT_APPROACHABLE_CONCURRENCY = YES;
				SWIFT_EMIT_LOC_STRINGS = NO;
				SWIFT_UPCOMING_FEATURE_MEMBER_IMPORT_VISIBILITY = YES;
				SWIFT_VERSION = 5.0;
				TARGETED_DEVICE_FAMILY = "1,2,7";
				TEST_TARGET_NAME = TextEditor;
				XROS_DEPLOYMENT_TARGET = 26.2;
			};
			name = Debug;
		};
		E6531D7F2F25F771002ACE69 /* Release */ = {
			isa = XCBuildConfiguration;
			buildSettings = {
				CODE_SIGN_STYLE = Automatic;
				CURRENT_PROJECT_VERSION = 1;
				DEVELOPMENT_TEAM = 3M7PED79H5;
				GENERATE_INFOPLIST_FILE = YES;
				IPHONEOS_DEPLOYMENT_TARGET = 26.2;
				MACOSX_DEPLOYMENT_TARGET = 26.2;
				MARKETING_VERSION = 1.0;
				PRODUCT_BUNDLE_IDENTIFIER = "com.michaelMartell.workOS-Replicate-Convex-Template.TextEditor-UITests";
				PRODUCT_NAME = "$(TARGET_NAME)";
				SDKROOT = auto;
				STRING_CATALOG_GENERATE_SYMBOLS = NO;
				SUPPORTED_PLATFORMS = "iphoneos iphonesimulator macosx xros xrsimulator";
				SWIFT_APPROACHABLE_CONCURRENCY = YES;
				SWIFT_EMIT_LOC_STRINGS = NO;
				SWIFT_UPCOMING_FEATURE_MEMBER_IMPORT_VISIBILITY = YES;
				SWIFT_VERSION = 5.0;
				TARGETED_DEVICE_FAMILY = "1,2,7";
				TEST_TARGET_NAME = TextEditor;
				XROS_DEPLOYMENT_TARGET = 26.2;
			};
			name = Release;
		};
		E6C8EB0F2F2034A800AA1B97 /* Debug */ = {
			isa = XCBuildConfiguration;
			buildSettings = {
				ALWAYS_SEARCH_USER_PATHS = NO;
				ASSETCATALOG_COMPILER_GENERATE_SWIFT_ASSET_SYMBOL_EXTENSIONS = YES;
				CLANG_ANALYZER_NONNULL = YES;
				CLANG_ANALYZER_NUMBER_OBJECT_CONVERSION = YES_AGGRESSIVE;
				CLANG_CXX_LANGUAGE_STANDARD = "gnu++20";
				CLANG_ENABLE_MODULES = YES;
				CLANG_ENABLE_OBJC_ARC = YES;
				CLANG_ENABLE_OBJC_WEAK = YES;
				CLANG_WARN_BLOCK_CAPTURE_AUTORELEASING = YES;
				CLANG_WARN_BOOL_CONVERSION = YES;
				CLANG_WARN_COMMA = YES;
				CLANG_WARN_CONSTANT_CONVERSION = YES;
				CLANG_WARN_DEPRECATED_OBJC_IMPLEMENTATIONS = YES;
				CLANG_WARN_DIRECT_OBJC_ISA_USAGE = YES_ERROR;
				CLANG_WARN_DOCUMENTATION_COMMENTS = YES;
				CLANG_WARN_EMPTY_BODY = YES;
				CLANG_WARN_ENUM_CONVERSION = YES;
				CLANG_WARN_INFINITE_RECURSION = YES;
				CLANG_WARN_INT_CONVERSION = YES;
				CLANG_WARN_NON_LITERAL_NULL_CONVERSION = YES;
				CLANG_WARN_OBJC_IMPLICIT_RETAIN_SELF = YES;
				CLANG_WARN_OBJC_LITERAL_CONVERSION = YES;
				CLANG_WARN_OBJC_ROOT_CLASS = YES_ERROR;
				CLANG_WARN_QUOTED_INCLUDE_IN_FRAMEWORK_HEADER = YES;
				CLANG_WARN_RANGE_LOOP_ANALYSIS = YES;
				CLANG_WARN_STRICT_PROTOTYPES = YES;
				CLANG_WARN_SUSPICIOUS_MOVE = YES;
				CLANG_WARN_UNGUARDED_AVAILABILITY = YES_AGGRESSIVE;
				CLANG_WARN_UNREACHABLE_CODE = YES;
				CLANG_WARN__DUPLICATE_METHOD_MATCH = YES;
				COPY_PHASE_STRIP = NO;
				DEBUG_INFORMATION_FORMAT = dwarf;
				DEVELOPMENT_TEAM = 3M7PED79H5;
				ENABLE_STRICT_OBJC_MSGSEND = YES;
				ENABLE_TESTABILITY = YES;
				ENABLE_USER_SCRIPT_SANDBOXING = YES;
				GCC_C_LANGUAGE_STANDARD = gnu17;
				GCC_DYNAMIC_NO_PIC = NO;
				GCC_NO_COMMON_BLOCKS = YES;
				GCC_OPTIMIZATION_LEVEL = 0;
				GCC_PREPROCESSOR_DEFINITIONS = (
					"DEBUG=1",
					"$(inherited)",
				);
				GCC_WARN_64_TO_32_BIT_CONVERSION = YES;
				GCC_WARN_ABOUT_RETURN_TYPE = YES_ERROR;
				GCC_WARN_UNDECLARED_SELECTOR = YES;
				GCC_WARN_UNINITIALIZED_AUTOS = YES_AGGRESSIVE;
				GCC_WARN_UNUSED_FUNCTION = YES;
				GCC_WARN_UNUSED_VARIABLE = YES;
				LOCALIZATION_PREFERS_STRING_CATALOGS = YES;
				MTL_ENABLE_DEBUG_INFO = INCLUDE_SOURCE;
				MTL_FAST_MATH = YES;
				ONLY_ACTIVE_ARCH = YES;
				SWIFT_ACTIVE_COMPILATION_CONDITIONS = "DEBUG $(inherited)";
				SWIFT_OPTIMIZATION_LEVEL = "-Onone";
			};
			name = Debug;
		};
		E6C8EB102F2034A800AA1B97 /* Release */ = {
			isa = XCBuildConfiguration;
			buildSettings = {
				ALWAYS_SEARCH_USER_PATHS = NO;
				ASSETCATALOG_COMPILER_GENERATE_SWIFT_ASSET_SYMBOL_EXTENSIONS = YES;
				CLANG_ANALYZER_NONNULL = YES;
				CLANG_ANALYZER_NUMBER_OBJECT_CONVERSION = YES_AGGRESSIVE;
				CLANG_CXX_LANGUAGE_STANDARD = "gnu++20";
				CLANG_ENABLE_MODULES = YES;
				CLANG_ENABLE_OBJC_ARC = YES;
				CLANG_ENABLE_OBJC_WEAK = YES;
				CLANG_WARN_BLOCK_CAPTURE_AUTORELEASING = YES;
				CLANG_WARN_BOOL_CONVERSION = YES;
				CLANG_WARN_COMMA = YES;
				CLANG_WARN_CONSTANT_CONVERSION = YES;
				CLANG_WARN_DEPRECATED_OBJC_IMPLEMENTATIONS = YES;
				CLANG_WARN_DIRECT_OBJC_ISA_USAGE = YES_ERROR;
				CLANG_WARN_DOCUMENTATION_COMMENTS = YES;
				CLANG_WARN_EMPTY_BODY = YES;
				CLANG_WARN_ENUM_CONVERSION = YES;
				CLANG_WARN_INFINITE_RECURSION = YES;
				CLANG_WARN_INT_CONVERSION = YES;
				CLANG_WARN_NON_LITERAL_NULL_CONVERSION = YES;
				CLANG_WARN_OBJC_IMPLICIT_RETAIN_SELF = YES;
				CLANG_WARN_OBJC_LITERAL_CONVERSION = YES;
				CLANG_WARN_OBJC_ROOT_CLASS = YES_ERROR;
				CLANG_WARN_QUOTED_INCLUDE_IN_FRAMEWORK_HEADER = YES;
				CLANG_WARN_RANGE_LOOP_ANALYSIS = YES;
				CLANG_WARN_STRICT_PROTOTYPES = YES;
				CLANG_WARN_SUSPICIOUS_MOVE = YES;
				CLANG_WARN_UNGUARDED_AVAILABILITY = YES_AGGRESSIVE;
				CLANG_WARN_UNREACHABLE_CODE = YES;
				CLANG_WARN__DUPLICATE_METHOD_MATCH = YES;
				COPY_PHASE_STRIP = NO;
				DEBUG_INFORMATION_FORMAT = "dwarf-with-dsym";
				DEVELOPMENT_TEAM = 3M7PED79H5;
				ENABLE_NS_ASSERTIONS = NO;
				ENABLE_STRICT_OBJC_MSGSEND = YES;
				ENABLE_USER_SCRIPT_SANDBOXING = YES;
				GCC_C_LANGUAGE_STANDARD = gnu17;
				GCC_NO_COMMON_BLOCKS = YES;
				GCC_WARN_64_TO_32_BIT_CONVERSION = YES;
				GCC_WARN_ABOUT_RETURN_TYPE = YES_ERROR;
				GCC_WARN_UNDECLARED_SELECTOR = YES;
				GCC_WARN_UNINITIALIZED_AUTOS = YES_AGGRESSIVE;
				GCC_WARN_UNUSED_FUNCTION = YES;
				GCC_WARN_UNUSED_VARIABLE = YES;
				LOCALIZATION_PREFERS_STRING_CATALOGS = YES;
				MTL_ENABLE_DEBUG_INFO = NO;
				MTL_FAST_MATH = YES;
				SWIFT_COMPILATION_MODE = wholemodule;
			};
			name = Release;
		};
		E6C8EB122F2034A800AA1B97 /* Debug */ = {
			isa = XCBuildConfiguration;
			buildSettings = {
				ASSETCATALOG_COMPILER_APPICON_NAME = AppIcon;
				ASSETCATALOG_COMPILER_GLOBAL_ACCENT_COLOR_NAME = AccentColor;
				CODE_SIGN_STYLE = Automatic;
				CURRENT_PROJECT_VERSION = 1;
				DEVELOPMENT_TEAM = 3M7PED79H5;
				ENABLE_APP_SANDBOX = YES;
				ENABLE_HARDENED_RUNTIME = YES;
				ENABLE_INCOMING_NETWORK_CONNECTIONS = NO;
				ENABLE_OUTGOING_NETWORK_CONNECTIONS = YES;
				ENABLE_PREVIEWS = YES;
				ENABLE_RESOURCE_ACCESS_AUDIO_INPUT = NO;
				ENABLE_RESOURCE_ACCESS_BLUETOOTH = NO;
				ENABLE_RESOURCE_ACCESS_CALENDARS = NO;
				ENABLE_RESOURCE_ACCESS_CAMERA = NO;
				ENABLE_RESOURCE_ACCESS_CONTACTS = NO;
				ENABLE_RESOURCE_ACCESS_LOCATION = NO;
				ENABLE_RESOURCE_ACCESS_PRINTING = NO;
				ENABLE_RESOURCE_ACCESS_USB = NO;
				ENABLE_USER_SELECTED_FILES = readonly;
				GENERATE_INFOPLIST_FILE = YES;
				INFOPLIST_KEY_CFBundleDisplayName = SCR4TCH;
				INFOPLIST_KEY_CFBundleName = SCR4TCH;
				"INFOPLIST_KEY_UIApplicationSceneManifest_Generation[sdk=iphoneos*]" = YES;
				"INFOPLIST_KEY_UIApplicationSceneManifest_Generation[sdk=iphonesimulator*]" = YES;
				"INFOPLIST_KEY_UIApplicationSupportsIndirectInputEvents[sdk=iphoneos*]" = YES;
				"INFOPLIST_KEY_UIApplicationSupportsIndirectInputEvents[sdk=iphonesimulator*]" = YES;
				"INFOPLIST_KEY_UILaunchScreen_Generation[sdk=iphoneos*]" = YES;
				"INFOPLIST_KEY_UILaunchScreen_Generation[sdk=iphonesimulator*]" = YES;
				"INFOPLIST_KEY_UIStatusBarStyle[sdk=iphoneos*]" = UIStatusBarStyleDefault;
				"INFOPLIST_KEY_UIStatusBarStyle[sdk=iphonesimulator*]" = UIStatusBarStyleDefault;
				INFOPLIST_KEY_UISupportedInterfaceOrientations_iPad = "UIInterfaceOrientationPortrait UIInterfaceOrientationPortraitUpsideDown UIInterfaceOrientationLandscapeLeft UIInterfaceOrientationLandscapeRight";
				INFOPLIST_KEY_UISupportedInterfaceOrientations_iPhone = "UIInterfaceOrientationPortrait UIInterfaceOrientationLandscapeLeft UIInterfaceOrientationLandscapeRight";
				IPHONEOS_DEPLOYMENT_TARGET = 26.2;
				LD_RUNPATH_SEARCH_PATHS = "@executable_path/Frameworks";
				"LD_RUNPATH_SEARCH_PATHS[sdk=macosx*]" = "@executable_path/../Frameworks";
				MACOSX_DEPLOYMENT_TARGET = 26.2;
				MARKETING_VERSION = 1.0;
				PRODUCT_BUNDLE_IDENTIFIER = com.michaelMartell.bookmarks.TextEditor;
				PRODUCT_NAME = "$(TARGET_NAME)";
				REGISTER_APP_GROUPS = YES;
				SDKROOT = auto;
				STRING_CATALOG_GENERATE_SYMBOLS = YES;
				SUPPORTED_PLATFORMS = "iphoneos iphonesimulator macosx xros xrsimulator";
				SWIFT_APPROACHABLE_CONCURRENCY = YES;
				SWIFT_DEFAULT_ACTOR_ISOLATION = MainActor;
				SWIFT_EMIT_LOC_STRINGS = YES;
				SWIFT_UPCOMING_FEATURE_MEMBER_IMPORT_VISIBILITY = YES;
				SWIFT_VERSION = 5.0;
				TARGETED_DEVICE_FAMILY = "1,2,7";
				XROS_DEPLOYMENT_TARGET = 26.2;
			};
			name = Debug;
		};
		E6C8EB132F2034A800AA1B97 /* Release */ = {
			isa = XCBuildConfiguration;
			buildSettings = {
				ASSETCATALOG_COMPILER_APPICON_NAME = AppIcon;
				ASSETCATALOG_COMPILER_GLOBAL_ACCENT_COLOR_NAME = AccentColor;
				CODE_SIGN_STYLE = Automatic;
				CURRENT_PROJECT_VERSION = 1;
				DEVELOPMENT_TEAM = 3M7PED79H5;
				ENABLE_APP_SANDBOX = YES;
				ENABLE_HARDENED_RUNTIME = YES;
				ENABLE_INCOMING_NETWORK_CONNECTIONS = NO;
				ENABLE_OUTGOING_NETWORK_CONNECTIONS = YES;
				ENABLE_PREVIEWS = YES;
				ENABLE_RESOURCE_ACCESS_AUDIO_INPUT = NO;
				ENABLE_RESOURCE_ACCESS_BLUETOOTH = NO;
				ENABLE_RESOURCE_ACCESS_CALENDARS = NO;
				ENABLE_RESOURCE_ACCESS_CAMERA = NO;
				ENABLE_RESOURCE_ACCESS_CONTACTS = NO;
				ENABLE_RESOURCE_ACCESS_LOCATION = NO;
				ENABLE_RESOURCE_ACCESS_PRINTING = NO;
				ENABLE_RESOURCE_ACCESS_USB = NO;
				ENABLE_USER_SELECTED_FILES = readonly;
				GENERATE_INFOPLIST_FILE = YES;
				INFOPLIST_KEY_CFBundleDisplayName = SCR4TCH;
				INFOPLIST_KEY_CFBundleName = SCR4TCH;
				"INFOPLIST_KEY_UIApplicationSceneManifest_Generation[sdk=iphoneos*]" = YES;
				"INFOPLIST_KEY_UIApplicationSceneManifest_Generation[sdk=iphonesimulator*]" = YES;
				"INFOPLIST_KEY_UIApplicationSupportsIndirectInputEvents[sdk=iphoneos*]" = YES;
				"INFOPLIST_KEY_UIApplicationSupportsIndirectInputEvents[sdk=iphonesimulator*]" = YES;
				"INFOPLIST_KEY_UILaunchScreen_Generation[sdk=iphoneos*]" = YES;
				"INFOPLIST_KEY_UILaunchScreen_Generation[sdk=iphonesimulator*]" = YES;
				"INFOPLIST_KEY_UIStatusBarStyle[sdk=iphoneos*]" = UIStatusBarStyleDefault;
				"INFOPLIST_KEY_UIStatusBarStyle[sdk=iphonesimulator*]" = UIStatusBarStyleDefault;
				INFOPLIST_KEY_UISupportedInterfaceOrientations_iPad = "UIInterfaceOrientationPortrait UIInterfaceOrientationPortraitUpsideDown UIInterfaceOrientationLandscapeLeft UIInterfaceOrientationLandscapeRight";
				INFOPLIST_KEY_UISupportedInterfaceOrientations_iPhone = "UIInterfaceOrientationPortrait UIInterfaceOrientationLandscapeLeft UIInterfaceOrientationLandscapeRight";
				IPHONEOS_DEPLOYMENT_TARGET = 26.2;
				LD_RUNPATH_SEARCH_PATHS = "@executable_path/Frameworks";
				"LD_RUNPATH_SEARCH_PATHS[sdk=macosx*]" = "@executable_path/../Frameworks";
				MACOSX_DEPLOYMENT_TARGET = 26.2;
				MARKETING_VERSION = 1.0;
				PRODUCT_BUNDLE_IDENTIFIER = com.michaelMartell.bookmarks.TextEditor;
				PRODUCT_NAME = "$(TARGET_NAME)";
				REGISTER_APP_GROUPS = YES;
				SDKROOT = auto;
				STRING_CATALOG_GENERATE_SYMBOLS = YES;
				SUPPORTED_PLATFORMS = "iphoneos iphonesimulator macosx xros xrsimulator";
				SWIFT_APPROACHABLE_CONCURRENCY = YES;
				SWIFT_DEFAULT_ACTOR_ISOLATION = MainActor;
				SWIFT_EMIT_LOC_STRINGS = YES;
				SWIFT_UPCOMING_FEATURE_MEMBER_IMPORT_VISIBILITY = YES;
				SWIFT_VERSION = 5.0;
				TARGETED_DEVICE_FAMILY = "1,2,7";
				XROS_DEPLOYMENT_TARGET = 26.2;
			};
			name = Release;
		};
/* End XCBuildConfiguration section */

/* Begin XCConfigurationList section */
		E6531D612F25F719002ACE69 /* Build configuration list for PBXNativeTarget "TextEditorTests" */ = {
			isa = XCConfigurationList;
			buildConfigurations = (
				E6531D5F2F25F719002ACE69 /* Debug */,
				E6531D602F25F719002ACE69 /* Release */,
			);
			defaultConfigurationIsVisible = 0;
			defaultConfigurationName = Release;
		};
		E6531D6E2F25F759002ACE69 /* Build configuration list for PBXNativeTarget "TextEditor-UnitTests" */ = {
			isa = XCConfigurationList;
			buildConfigurations = (
				E6531D6F2F25F759002ACE69 /* Debug */,
				E6531D702F25F759002ACE69 /* Release */,
			);
			defaultConfigurationIsVisible = 0;
			defaultConfigurationName = Release;
		};
		E6531D7D2F25F771002ACE69 /* Build configuration list for PBXNativeTarget "TextEditor-UITests" */ = {
			isa = XCConfigurationList;
			buildConfigurations = (
				E6531D7E2F25F771002ACE69 /* Debug */,
				E6531D7F2F25F771002ACE69 /* Release */,
			);
			defaultConfigurationIsVisible = 0;
			defaultConfigurationName = Release;
		};
		E6C8EB012F2034A600AA1B97 /* Build configuration list for PBXProject "TextEditor" */ = {
			isa = XCConfigurationList;
			buildConfigurations = (
				E6C8EB0F2F2034A800AA1B97 /* Debug */,
				E6C8EB102F2034A800AA1B97 /* Release */,
			);
			defaultConfigurationIsVisible = 0;
			defaultConfigurationName = Release;
		};
		E6C8EB112F2034A800AA1B97 /* Build configuration list for PBXNativeTarget "TextEditor" */ = {
			isa = XCConfigurationList;
			buildConfigurations = (
				E6C8EB122F2034A800AA1B97 /* Debug */,
				E6C8EB132F2034A800AA1B97 /* Release */,
			);
			defaultConfigurationIsVisible = 0;
			defaultConfigurationName = Release;
		};
/* End XCConfigurationList section */

/* Begin XCRemoteSwiftPackageReference section */
		E6CC3A3B2F2183BC005A84EB /* XCRemoteSwiftPackageReference "SDWebImageSVGCoder" */ = {
			isa = XCRemoteSwiftPackageReference;
			repositoryURL = "https://github.com/SDWebImage/SDWebImageSVGCoder.git";
			requirement = {
				kind = upToNextMajorVersion;
				minimumVersion = 1.8.0;
			};
		};
		E6CC3A3E2F2183D2005A84EB /* XCRemoteSwiftPackageReference "SDWebImageSwiftUI" */ = {
			isa = XCRemoteSwiftPackageReference;
			repositoryURL = "https://github.com/SDWebImage/SDWebImageSwiftUI.git";
			requirement = {
				kind = upToNextMajorVersion;
				minimumVersion = 3.1.4;
			};
		};
		E6CC3A412F2183EA005A84EB /* XCRemoteSwiftPackageReference "Highlightr" */ = {
			isa = XCRemoteSwiftPackageReference;
			repositoryURL = "https://github.com/raspu/Highlightr";
			requirement = {
				kind = upToNextMajorVersion;
				minimumVersion = 2.3.0;
			};
		};
/* End XCRemoteSwiftPackageReference section */

/* Begin XCSwiftPackageProductDependency section */
		E6CC3A3C2F2183BC005A84EB /* SDWebImageSVGCoder */ = {
			isa = XCSwiftPackageProductDependency;
			package = E6CC3A3B2F2183BC005A84EB /* XCRemoteSwiftPackageReference "SDWebImageSVGCoder" */;
			productName = SDWebImageSVGCoder;
		};
		E6CC3A3F2F2183D2005A84EB /* SDWebImageSwiftUI */ = {
			isa = XCSwiftPackageProductDependency;
			package = E6CC3A3E2F2183D2005A84EB /* XCRemoteSwiftPackageReference "SDWebImageSwiftUI" */;
			productName = SDWebImageSwiftUI;
		};
		E6CC3A422F2183EA005A84EB /* Highlightr */ = {
			isa = XCSwiftPackageProductDependency;
			package = E6CC3A412F2183EA005A84EB /* XCRemoteSwiftPackageReference "Highlightr" */;
			productName = Highlightr;
		};
/* End XCSwiftPackageProductDependency section */
	};
	rootObject = E6C8EAFE2F2034A600AA1B97 /* Project object */;
}
