// !$*UTF8*$!
{
	archiveVersion = 1;
	classes = {
	};
	objectVersion = 77;
	objects = {

/* Begin PBXBuildFile section */
		E6CC3A462F2183EA005A84EB /* SDWebImageSVGCoder in Frameworks */ = {isa = PBXBuildFile; productRef = E6CC3A432F2183EA005A84EB /* SDWebImageSVGCoder */; };
		E6CC3A472F2183EA005A84EB /* SDWebImageSwiftUI in Frameworks */ = {isa = PBXBuildFile; productRef = E6CC3A442F2183EA005A84EB /* SDWebImageSwiftUI */; };
		E6CC3A482F2183EA005A84EB /* Highlightr in Frameworks */ = {isa = PBXBuildFile; productRef = E6CC3A452F2183EA005A84EB /* Highlightr */; };
/* End PBXBuildFile section */

/* Begin PBXContainerItemProxy section */
		E6DE110F2F291BCD00CEB8D5 /* PBXContainerItemProxy */ = {
			isa = PBXContainerItemProxy;
			containerPortal = E6C8EAFE2F2034A600AA1B97 /* Project object */;
			proxyType = 1;
			remoteGlobalIDString = E6DE10FD2F291BCB00CEB8D5;
			remoteInfo = SCR4TCH;
		};
		E6DE11192F291BCD00CEB8D5 /* PBXContainerItemProxy */ = {
			isa = PBXContainerItemProxy;
			containerPortal = E6C8EAFE2F2034A600AA1B97 /* Project object */;
			proxyType = 1;
			remoteGlobalIDString = E6DE10FD2F291BCB00CEB8D5;
			remoteInfo = SCR4TCH;
		};
/* End PBXContainerItemProxy section */

/* Begin PBXFileReference section */
		E6DE10FE2F291BCB00CEB8D5 /* SCR4TCH.app */ = {isa = PBXFileReference; explicitFileType = wrapper.application; includeInIndex = 0; path = SCR4TCH.app; sourceTree = BUILT_PRODUCTS_DIR; };
		E6DE110E2F291BCD00CEB8D5 /* SCR4TCHTests.xctest */ = {isa = PBXFileReference; explicitFileType = wrapper.cfbundle; includeInIndex = 0; path = SCR4TCHTests.xctest; sourceTree = BUILT_PRODUCTS_DIR; };
		E6DE11182F291BCD00CEB8D5 /* SCR4TCHUITests.xctest */ = {isa = PBXFileReference; explicitFileType = wrapper.cfbundle; includeInIndex = 0; path = SCR4TCHUITests.xctest; sourceTree = BUILT_PRODUCTS_DIR; };
/* End PBXFileReference section */

/* Begin PBXFileSystemSynchronizedBuildFileExceptionSet section */
		E6DE11202F291BCD00CEB8D5 /* Exceptions for "SCR4TCH" folder in "SCR4TCH" target */ = {
			isa = PBXFileSystemSynchronizedBuildFileExceptionSet;
			membershipExceptions = (
				Examples,
				Info.plist,
			);
			target = E6DE10FD2F291BCB00CEB8D5 /* SCR4TCH */;
		};
/* End PBXFileSystemSynchronizedBuildFileExceptionSet section */

/* Begin PBXFileSystemSynchronizedRootGroup section */
		E6DE10FF2F291BCB00CEB8D5 /* SCR4TCH */ = {
			isa = PBXFileSystemSynchronizedRootGroup;
			exceptions = (
				E6DE11202F291BCD00CEB8D5 /* Exceptions for "SCR4TCH" folder in "SCR4TCH" target */,
			);
			explicitFolders = (
				Examples,
			);
			path = SCR4TCH;
			sourceTree = "<group>";
		};
		E6DE11112F291BCD00CEB8D5 /* SCR4TCHTests */ = {
			isa = PBXFileSystemSynchronizedRootGroup;
			path = SCR4TCHTests;
			sourceTree = "<group>";
		};
		E6DE111B2F291BCD00CEB8D5 /* SCR4TCHUITests */ = {
			isa = PBXFileSystemSynchronizedRootGroup;
			path = SCR4TCHUITests;
			sourceTree = "<group>";
		};
/* End PBXFileSystemSynchronizedRootGroup section */

/* Begin PBXFrameworksBuildPhase section */
		E6DE10FB2F291BCB00CEB8D5 /* Frameworks */ = {
			isa = PBXFrameworksBuildPhase;
			buildActionMask = 2147483647;
			files = (
				E6CC3A462F2183EA005A84EB /* SDWebImageSVGCoder in Frameworks */,
				E6CC3A472F2183EA005A84EB /* SDWebImageSwiftUI in Frameworks */,
				E6CC3A482F2183EA005A84EB /* Highlightr in Frameworks */,
			);
			runOnlyForDeploymentPostprocessing = 0;
		};
		E6DE110B2F291BCD00CEB8D5 /* Frameworks */ = {
			isa = PBXFrameworksBuildPhase;
			buildActionMask = 2147483647;
			files = (
			);
			runOnlyForDeploymentPostprocessing = 0;
		};
		E6DE11152F291BCD00CEB8D5 /* Frameworks */ = {
			isa = PBXFrameworksBuildPhase;
			buildActionMask = 2147483647;
			files = (
			);
			runOnlyForDeploymentPostprocessing = 0;
		};
/* End PBXFrameworksBuildPhase section */

/* Begin PBXGroup section */
		E6C8EAFD2F2034A600AA1B97 = {
			isa = PBXGroup;
			children = (
				E6DE10FF2F291BCB00CEB8D5 /* SCR4TCH */,
				E6DE11112F291BCD00CEB8D5 /* SCR4TCHTests */,
				E6DE111B2F291BCD00CEB8D5 /* SCR4TCHUITests */,
				E6C8EB072F2034A600AA1B97 /* Products */,
			);
			sourceTree = "<group>";
		};
		E6C8EB072F2034A600AA1B97 /* Products */ = {
			isa = PBXGroup;
			children = (
				E6DE10FE2F291BCB00CEB8D5 /* SCR4TCH.app */,
				E6DE110E2F291BCD00CEB8D5 /* SCR4TCHTests.xctest */,
				E6DE11182F291BCD00CEB8D5 /* SCR4TCHUITests.xctest */,
			);
			name = Products;
			sourceTree = "<group>";
		};
/* End PBXGroup section */

/* Begin PBXNativeTarget section */
		E6DE10FD2F291BCB00CEB8D5 /* SCR4TCH */ = {
			isa = PBXNativeTarget;
			buildConfigurationList = E6DE11212F291BCD00CEB8D5 /* Build configuration list for PBXNativeTarget "SCR4TCH" */;
			buildPhases = (
				E6DE10FA2F291BCB00CEB8D5 /* Sources */,
				E6DE10FB2F291BCB00CEB8D5 /* Frameworks */,
				E6DE10FC2F291BCB00CEB8D5 /* Resources */,
			);
			buildRules = (
			);
			dependencies = (
			);
			fileSystemSynchronizedGroups = (
				E6DE10FF2F291BCB00CEB8D5 /* SCR4TCH */,
			);
			name = SCR4TCH;
			packageProductDependencies = (
				E6CC3A432F2183EA005A84EB /* SDWebImageSVGCoder */,
				E6CC3A442F2183EA005A84EB /* SDWebImageSwiftUI */,
				E6CC3A452F2183EA005A84EB /* Highlightr */,
			);
			productName = SCR4TCH;
			productReference = E6DE10FE2F291BCB00CEB8D5 /* SCR4TCH.app */;
			productType = "com.apple.product-type.application";
		};
		E6DE110D2F291BCD00CEB8D5 /* SCR4TCHTests */ = {
			isa = PBXNativeTarget;
			buildConfigurationList = E6DE11242F291BCD00CEB8D5 /* Build configuration list for PBXNativeTarget "SCR4TCHTests" */;
			buildPhases = (
				E6DE110A2F291BCD00CEB8D5 /* Sources */,
				E6DE110B2F291BCD00CEB8D5 /* Frameworks */,
				E6DE110C2F291BCD00CEB8D5 /* Resources */,
			);
			buildRules = (
			);
			dependencies = (
				E6DE11102F291BCD00CEB8D5 /* PBXTargetDependency */,
			);
			fileSystemSynchronizedGroups = (
				E6DE11112F291BCD00CEB8D5 /* SCR4TCHTests */,
			);
			name = SCR4TCHTests;
			packageProductDependencies = (
			);
			productName = SCR4TCHTests;
			productReference = E6DE110E2F291BCD00CEB8D5 /* SCR4TCHTests.xctest */;
			productType = "com.apple.product-type.bundle.unit-test";
		};
		E6DE11172F291BCD00CEB8D5 /* SCR4TCHUITests */ = {
			isa = PBXNativeTarget;
			buildConfigurationList = E6DE11272F291BCD00CEB8D5 /* Build configuration list for PBXNativeTarget "SCR4TCHUITests" */;
			buildPhases = (
				E6DE11142F291BCD00CEB8D5 /* Sources */,
				E6DE11152F291BCD00CEB8D5 /* Frameworks */,
				E6DE11162F291BCD00CEB8D5 /* Resources */,
			);
			buildRules = (
			);
			dependencies = (
				E6DE111A2F291BCD00CEB8D5 /* PBXTargetDependency */,
			);
			fileSystemSynchronizedGroups = (
				E6DE111B2F291BCD00CEB8D5 /* SCR4TCHUITests */,
			);
			name = SCR4TCHUITests;
			packageProductDependencies = (
			);
			productName = SCR4TCHUITests;
			productReference = E6DE11182F291BCD00CEB8D5 /* SCR4TCHUITests.xctest */;
			productType = "com.apple.product-type.bundle.ui-testing";
		};
/* End PBXNativeTarget section */

/* Begin PBXProject section */
		E6C8EAFE2F2034A600AA1B97 /* Project object */ = {
			isa = PBXProject;
			attributes = {
				BuildIndependentTargetsInParallel = 1;
				LastSwiftUpdateCheck = 2620;
				LastUpgradeCheck = 2620;
				TargetAttributes = {
					E6DE10FD2F291BCB00CEB8D5 = {
						CreatedOnToolsVersion = 26.2;
					};
					E6DE110D2F291BCD00CEB8D5 = {
						CreatedOnToolsVersion = 26.2;
						TestTargetID = E6DE10FD2F291BCB00CEB8D5;
					};
					E6DE11172F291BCD00CEB8D5 = {
						CreatedOnToolsVersion = 26.2;
						TestTargetID = E6DE10FD2F291BCB00CEB8D5;
					};
				};
			};
			buildConfigurationList = E6C8EB012F2034A600AA1B97 /* Build configuration list for PBXProject "SCR4TCH" */;
			developmentRegion = en;
			hasScannedForEncodings = 0;
			knownRegions = (
				en,
				Base,
			);
			mainGroup = E6C8EAFD2F2034A600AA1B97;
			minimizedProjectReferenceProxies = 1;
			packageReferences = (
				E6CC3A3B2F2183BC005A84EB /* XCRemoteSwiftPackageReference "SDWebImageSVGCoder" */,
				E6CC3A3E2F2183D2005A84EB /* XCRemoteSwiftPackageReference "SDWebImageSwiftUI" */,
				E6CC3A412F2183EA005A84EB /* XCRemoteSwiftPackageReference "Highlightr" */,
			);
			preferredProjectObjectVersion = 77;
			productRefGroup = E6C8EB072F2034A600AA1B97 /* Products */;
			projectDirPath = "";
			projectRoot = "";
			targets = (
				E6DE10FD2F291BCB00CEB8D5 /* SCR4TCH */,
				E6DE110D2F291BCD00CEB8D5 /* SCR4TCHTests */,
				E6DE11172F291BCD00CEB8D5 /* SCR4TCHUITests */,
			);
		};
/* End PBXProject section */

/* Begin PBXResourcesBuildPhase section */
		E6DE10FC2F291BCB00CEB8D5 /* Resources */ = {
			isa = PBXResourcesBuildPhase;
			buildActionMask = 2147483647;
			files = (
			);
			runOnlyForDeploymentPostprocessing = 0;
		};
		E6DE110C2F291BCD00CEB8D5 /* Resources */ = {
			isa = PBXResourcesBuildPhase;
			buildActionMask = 2147483647;
			files = (
			);
			runOnlyForDeploymentPostprocessing = 0;
		};
		E6DE11162F291BCD00CEB8D5 /* Resources */ = {
			isa = PBXResourcesBuildPhase;
			buildActionMask = 2147483647;
			files = (
			);
			runOnlyForDeploymentPostprocessing = 0;
		};
/* End PBXResourcesBuildPhase section */

/* Begin PBXSourcesBuildPhase section */
		E6DE10FA2F291BCB00CEB8D5 /* Sources */ = {
			isa = PBXSourcesBuildPhase;
			buildActionMask = 2147483647;
			files = (
			);
			runOnlyForDeploymentPostprocessing = 0;
		};
		E6DE110A2F291BCD00CEB8D5 /* Sources */ = {
			isa = PBXSourcesBuildPhase;
			buildActionMask = 2147483647;
			files = (
			);
			runOnlyForDeploymentPostprocessing = 0;
		};
		E6DE11142F291BCD00CEB8D5 /* Sources */ = {
			isa = PBXSourcesBuildPhase;
			buildActionMask = 2147483647;
			files = (
			);
			runOnlyForDeploymentPostprocessing = 0;
		};
/* End PBXSourcesBuildPhase section */

/* Begin PBXTargetDependency section */
		E6DE11102F291BCD00CEB8D5 /* PBXTargetDependency */ = {
			isa = PBXTargetDependency;
			target = E6DE10FD2F291BCB00CEB8D5 /* SCR4TCH */;
			targetProxy = E6DE110F2F291BCD00CEB8D5 /* PBXContainerItemProxy */;
		};
		E6DE111A2F291BCD00CEB8D5 /* PBXTargetDependency */ = {
			isa = PBXTargetDependency;
			target = E6DE10FD2F291BCB00CEB8D5 /* SCR4TCH */;
			targetProxy = E6DE11192F291BCD00CEB8D5 /* PBXContainerItemProxy */;
		};
/* End PBXTargetDependency section */

/* Begin XCBuildConfiguration section */
		E6C8EB0F2F2034A800AA1B97 /* Debug */ = {
			isa = XCBuildConfiguration;
			buildSettings = {
				ALWAYS_SEARCH_USER_PATHS = NO;
				ASSETCATALOG_COMPILER_GENERATE_SWIFT_ASSET_SYMBOL_EXTENSIONS = YES;
				CLANG_ANALYZER_NONNULL = YES;
				CLANG_ANALYZER_NUMBER_OBJECT_CONVERSION = YES_AGGRESSIVE;
				CLANG_CXX_LANGUAGE_STANDARD = "gnu++20";
				CLANG_ENABLE_MODULES = YES;
				CLANG_ENABLE_OBJC_ARC = YES;
				CLANG_ENABLE_OBJC_WEAK = YES;
				CLANG_WARN_BLOCK_CAPTURE_AUTORELEASING = YES;
				CLANG_WARN_BOOL_CONVERSION = YES;
				CLANG_WARN_COMMA = YES;
				CLANG_WARN_CONSTANT_CONVERSION = YES;
				CLANG_WARN_DEPRECATED_OBJC_IMPLEMENTATIONS = YES;
				CLANG_WARN_DIRECT_OBJC_ISA_USAGE = YES_ERROR;
				CLANG_WARN_DOCUMENTATION_COMMENTS = YES;
				CLANG_WARN_EMPTY_BODY = YES;
				CLANG_WARN_ENUM_CONVERSION = YES;
				CLANG_WARN_INFINITE_RECURSION = YES;
				CLANG_WARN_INT_CONVERSION = YES;
				CLANG_WARN_NON_LITERAL_NULL_CONVERSION = YES;
				CLANG_WARN_OBJC_IMPLICIT_RETAIN_SELF = YES;
				CLANG_WARN_OBJC_LITERAL_CONVERSION = YES;
				CLANG_WARN_OBJC_ROOT_CLASS = YES_ERROR;
				CLANG_WARN_QUOTED_INCLUDE_IN_FRAMEWORK_HEADER = YES;
				CLANG_WARN_RANGE_LOOP_ANALYSIS = YES;
				CLANG_WARN_STRICT_PROTOTYPES = YES;
				CLANG_WARN_SUSPICIOUS_MOVE = YES;
				CLANG_WARN_UNGUARDED_AVAILABILITY = YES_AGGRESSIVE;
				CLANG_WARN_UNREACHABLE_CODE = YES;
				CLANG_WARN__DUPLICATE_METHOD_MATCH = YES;
				COPY_PHASE_STRIP = NO;
				DEBUG_INFORMATION_FORMAT = dwarf;
				DEVELOPMENT_TEAM = 3M7PED79H5;
				ENABLE_STRICT_OBJC_MSGSEND = YES;
				ENABLE_TESTABILITY = YES;
				ENABLE_USER_SCRIPT_SANDBOXING = YES;
				GCC_C_LANGUAGE_STANDARD = gnu17;
				GCC_DYNAMIC_NO_PIC = NO;
				GCC_NO_COMMON_BLOCKS = YES;
				GCC_OPTIMIZATION_LEVEL = 0;
				GCC_PREPROCESSOR_DEFINITIONS = (
					"DEBUG=1",
					"$(inherited)",
				);
				GCC_WARN_64_TO_32_BIT_CONVERSION = YES;
				GCC_WARN_ABOUT_RETURN_TYPE = YES_ERROR;
				GCC_WARN_UNDECLARED_SELECTOR = YES;
				GCC_WARN_UNINITIALIZED_AUTOS = YES_AGGRESSIVE;
				GCC_WARN_UNUSED_FUNCTION = YES;
				GCC_WARN_UNUSED_VARIABLE = YES;
				LOCALIZATION_PREFERS_STRING_CATALOGS = YES;
				MTL_ENABLE_DEBUG_INFO = INCLUDE_SOURCE;
				MTL_FAST_MATH = YES;
				ONLY_ACTIVE_ARCH = YES;
				SWIFT_ACTIVE_COMPILATION_CONDITIONS = "DEBUG $(inherited)";
				SWIFT_OPTIMIZATION_LEVEL = "-Onone";
			};
			name = Debug;
		};
		E6C8EB102F2034A800AA1B97 /* Release */ = {
			isa = XCBuildConfiguration;
			buildSettings = {
				ALWAYS_SEARCH_USER_PATHS = NO;
				ASSETCATALOG_COMPILER_GENERATE_SWIFT_ASSET_SYMBOL_EXTENSIONS = YES;
				CLANG_ANALYZER_NONNULL = YES;
				CLANG_ANALYZER_NUMBER_OBJECT_CONVERSION = YES_AGGRESSIVE;
				CLANG_CXX_LANGUAGE_STANDARD = "gnu++20";
				CLANG_ENABLE_MODULES = YES;
				CLANG_ENABLE_OBJC_ARC = YES;
				CLANG_ENABLE_OBJC_WEAK = YES;
				CLANG_WARN_BLOCK_CAPTURE_AUTORELEASING = YES;
				CLANG_WARN_BOOL_CONVERSION = YES;
				CLANG_WARN_COMMA = YES;
				CLANG_WARN_CONSTANT_CONVERSION = YES;
				CLANG_WARN_DEPRECATED_OBJC_IMPLEMENTATIONS = YES;
				CLANG_WARN_DIRECT_OBJC_ISA_USAGE = YES_ERROR;
				CLANG_WARN_DOCUMENTATION_COMMENTS = YES;
				CLANG_WARN_EMPTY_BODY = YES;
				CLANG_WARN_ENUM_CONVERSION = YES;
				CLANG_WARN_INFINITE_RECURSION = YES;
				CLANG_WARN_INT_CONVERSION = YES;
				CLANG_WARN_NON_LITERAL_NULL_CONVERSION = YES;
				CLANG_WARN_OBJC_IMPLICIT_RETAIN_SELF = YES;
				CLANG_WARN_OBJC_LITERAL_CONVERSION = YES;
				CLANG_WARN_OBJC_ROOT_CLASS = YES_ERROR;
				CLANG_WARN_QUOTED_INCLUDE_IN_FRAMEWORK_HEADER = YES;
				CLANG_WARN_RANGE_LOOP_ANALYSIS = YES;
				CLANG_WARN_STRICT_PROTOTYPES = YES;
				CLANG_WARN_SUSPICIOUS_MOVE = YES;
				CLANG_WARN_UNGUARDED_AVAILABILITY = YES_AGGRESSIVE;
				CLANG_WARN_UNREACHABLE_CODE = YES;
				CLANG_WARN__DUPLICATE_METHOD_MATCH = YES;
				COPY_PHASE_STRIP = NO;
				DEBUG_INFORMATION_FORMAT = "dwarf-with-dsym";
				DEVELOPMENT_TEAM = 3M7PED79H5;
				ENABLE_NS_ASSERTIONS = NO;
				ENABLE_STRICT_OBJC_MSGSEND = YES;
				ENABLE_USER_SCRIPT_SANDBOXING = YES;
				GCC_C_LANGUAGE_STANDARD = gnu17;
				GCC_NO_COMMON_BLOCKS = YES;
				GCC_WARN_64_TO_32_BIT_CONVERSION = YES;
				GCC_WARN_ABOUT_RETURN_TYPE = YES_ERROR;
				GCC_WARN_UNDECLARED_SELECTOR = YES;
				GCC_WARN_UNINITIALIZED_AUTOS = YES_AGGRESSIVE;
				GCC_WARN_UNUSED_FUNCTION = YES;
				GCC_WARN_UNUSED_VARIABLE = YES;
				LOCALIZATION_PREFERS_STRING_CATALOGS = YES;
				MTL_ENABLE_DEBUG_INFO = NO;
				MTL_FAST_MATH = YES;
				SWIFT_COMPILATION_MODE = wholemodule;
			};
			name = Release;
		};
		E6DE11222F291BCD00CEB8D5 /* Debug */ = {
			isa = XCBuildConfiguration;
			buildSettings = {
				ASSETCATALOG_COMPILER_APPICON_NAME = AppIcon;
				ASSETCATALOG_COMPILER_GLOBAL_ACCENT_COLOR_NAME = AccentColor;
				CODE_SIGN_ENTITLEMENTS = SCR4TCH/SCR4TCH.entitlements;
				CODE_SIGN_STYLE = Automatic;
				CURRENT_PROJECT_VERSION = 1;
				DEVELOPMENT_TEAM = 3M7PED79H5;
				ENABLE_APP_SANDBOX = YES;
				ENABLE_HARDENED_RUNTIME = YES;
				ENABLE_PREVIEWS = YES;
				ENABLE_USER_SELECTED_FILES = readonly;
				GENERATE_INFOPLIST_FILE = YES;
				INFOPLIST_FILE = SCR4TCH/Info.plist;
				"INFOPLIST_KEY_UIApplicationSceneManifest_Generation[sdk=iphoneos*]" = YES;
				"INFOPLIST_KEY_UIApplicationSceneManifest_Generation[sdk=iphonesimulator*]" = YES;
				"INFOPLIST_KEY_UIApplicationSupportsIndirectInputEvents[sdk=iphoneos*]" = YES;
				"INFOPLIST_KEY_UIApplicationSupportsIndirectInputEvents[sdk=iphonesimulator*]" = YES;
				"INFOPLIST_KEY_UILaunchScreen_Generation[sdk=iphoneos*]" = YES;
				"INFOPLIST_KEY_UILaunchScreen_Generation[sdk=iphonesimulator*]" = YES;
				"INFOPLIST_KEY_UIStatusBarStyle[sdk=iphoneos*]" = UIStatusBarStyleDefault;
				"INFOPLIST_KEY_UIStatusBarStyle[sdk=iphonesimulator*]" = UIStatusBarStyleDefault;
				INFOPLIST_KEY_UISupportedInterfaceOrientations_iPad = "UIInterfaceOrientationPortrait UIInterfaceOrientationPortraitUpsideDown UIInterfaceOrientationLandscapeLeft UIInterfaceOrientationLandscapeRight";
				INFOPLIST_KEY_UISupportedInterfaceOrientations_iPhone = "UIInterfaceOrientationPortrait UIInterfaceOrientationLandscapeLeft UIInterfaceOrientationLandscapeRight";
				IPHONEOS_DEPLOYMENT_TARGET = 26.2;
				LD_RUNPATH_SEARCH_PATHS = "@executable_path/Frameworks";
				"LD_RUNPATH_SEARCH_PATHS[sdk=macosx*]" = "@executable_path/../Frameworks";
				MACOSX_DEPLOYMENT_TARGET = 26.2;
				MARKETING_VERSION = 1.0;
				PRODUCT_BUNDLE_IDENTIFIER = com.michaelMartell.SCR4TCH;
				PRODUCT_NAME = "$(TARGET_NAME)";
				REGISTER_APP_GROUPS = YES;
				SDKROOT = auto;
				STRING_CATALOG_GENERATE_SYMBOLS = YES;
				SUPPORTED_PLATFORMS = "iphoneos iphonesimulator macosx xros xrsimulator";
				SWIFT_APPROACHABLE_CONCURRENCY = YES;
				SWIFT_DEFAULT_ACTOR_ISOLATION = MainActor;
				SWIFT_EMIT_LOC_STRINGS = YES;
				SWIFT_UPCOMING_FEATURE_MEMBER_IMPORT_VISIBILITY = YES;
				SWIFT_VERSION = 5.0;
				TARGETED_DEVICE_FAMILY = "1,2,7";
				XROS_DEPLOYMENT_TARGET = 26.2;
			};
			name = Debug;
		};
		E6DE11232F291BCD00CEB8D5 /* Release */ = {
			isa = XCBuildConfiguration;
			buildSettings = {
				ASSETCATALOG_COMPILER_APPICON_NAME = AppIcon;
				ASSETCATALOG_COMPILER_GLOBAL_ACCENT_COLOR_NAME = AccentColor;
				CODE_SIGN_ENTITLEMENTS = SCR4TCH/SCR4TCH.entitlements;
				CODE_SIGN_STYLE = Automatic;
				CURRENT_PROJECT_VERSION = 1;
				DEVELOPMENT_TEAM = 3M7PED79H5;
				ENABLE_APP_SANDBOX = YES;
				ENABLE_HARDENED_RUNTIME = YES;
				ENABLE_PREVIEWS = YES;
				ENABLE_USER_SELECTED_FILES = readonly;
				GENERATE_INFOPLIST_FILE = YES;
				INFOPLIST_FILE = SCR4TCH/Info.plist;
				"INFOPLIST_KEY_UIApplicationSceneManifest_Generation[sdk=iphoneos*]" = YES;
				"INFOPLIST_KEY_UIApplicationSceneManifest_Generation[sdk=iphonesimulator*]" = YES;
				"INFOPLIST_KEY_UIApplicationSupportsIndirectInputEvents[sdk=iphoneos*]" = YES;
				"INFOPLIST_KEY_UIApplicationSupportsIndirectInputEvents[sdk=iphonesimulator*]" = YES;
				"INFOPLIST_KEY_UILaunchScreen_Generation[sdk=iphoneos*]" = YES;
				"INFOPLIST_KEY_UILaunchScreen_Generation[sdk=iphonesimulator*]" = YES;
				"INFOPLIST_KEY_UIStatusBarStyle[sdk=iphoneos*]" = UIStatusBarStyleDefault;
				"INFOPLIST_KEY_UIStatusBarStyle[sdk=iphonesimulator*]" = UIStatusBarStyleDefault;
				INFOPLIST_KEY_UISupportedInterfaceOrientations_iPad = "UIInterfaceOrientationPortrait UIInterfaceOrientationPortraitUpsideDown UIInterfaceOrientationLandscapeLeft UIInterfaceOrientationLandscapeRight";
				INFOPLIST_KEY_UISupportedInterfaceOrientations_iPhone = "UIInterfaceOrientationPortrait UIInterfaceOrientationLandscapeLeft UIInterfaceOrientationLandscapeRight";
				IPHONEOS_DEPLOYMENT_TARGET = 26.2;
				LD_RUNPATH_SEARCH_PATHS = "@executable_path/Frameworks";
				"LD_RUNPATH_SEARCH_PATHS[sdk=macosx*]" = "@executable_path/../Frameworks";
				MACOSX_DEPLOYMENT_TARGET = 26.2;
				MARKETING_VERSION = 1.0;
				PRODUCT_BUNDLE_IDENTIFIER = com.michaelMartell.SCR4TCH;
				PRODUCT_NAME = "$(TARGET_NAME)";
				REGISTER_APP_GROUPS = YES;
				SDKROOT = auto;
				STRING_CATALOG_GENERATE_SYMBOLS = YES;
				SUPPORTED_PLATFORMS = "iphoneos iphonesimulator macosx xros xrsimulator";
				SWIFT_APPROACHABLE_CONCURRENCY = YES;
				SWIFT_DEFAULT_ACTOR_ISOLATION = MainActor;
				SWIFT_EMIT_LOC_STRINGS = YES;
				SWIFT_UPCOMING_FEATURE_MEMBER_IMPORT_VISIBILITY = YES;
				SWIFT_VERSION = 5.0;
				TARGETED_DEVICE_FAMILY = "1,2,7";
				XROS_DEPLOYMENT_TARGET = 26.2;
			};
			name = Release;
		};
		E6DE11252F291BCD00CEB8D5 /* Debug */ = {
			isa = XCBuildConfiguration;
			buildSettings = {
				BUNDLE_LOADER = "$(TEST_HOST)";
				CODE_SIGN_STYLE = Automatic;
				CURRENT_PROJECT_VERSION = 1;
				DEVELOPMENT_TEAM = 3M7PED79H5;
				GENERATE_INFOPLIST_FILE = YES;
				IPHONEOS_DEPLOYMENT_TARGET = 26.2;
				MACOSX_DEPLOYMENT_TARGET = 26.2;
				MARKETING_VERSION = 1.0;
				PRODUCT_BUNDLE_IDENTIFIER = "com.michaelMartell.workOS-Replicate-Convex-Template.SCR4TCHTests";
				PRODUCT_NAME = "$(TARGET_NAME)";
				SDKROOT = auto;
				STRING_CATALOG_GENERATE_SYMBOLS = NO;
				SUPPORTED_PLATFORMS = "iphoneos iphonesimulator macosx xros xrsimulator";
				SWIFT_APPROACHABLE_CONCURRENCY = YES;
				SWIFT_EMIT_LOC_STRINGS = NO;
				SWIFT_UPCOMING_FEATURE_MEMBER_IMPORT_VISIBILITY = YES;
				SWIFT_VERSION = 5.0;
				TARGETED_DEVICE_FAMILY = "1,2,7";
				TEST_HOST = "$(BUILT_PRODUCTS_DIR)/SCR4TCH.app/$(BUNDLE_EXECUTABLE_FOLDER_PATH)/SCR4TCH";
				XROS_DEPLOYMENT_TARGET = 26.2;
			};
			name = Debug;
		};
		E6DE11262F291BCD00CEB8D5 /* Release */ = {
			isa = XCBuildConfiguration;
			buildSettings = {
				BUNDLE_LOADER = "$(TEST_HOST)";
				CODE_SIGN_STYLE = Automatic;
				CURRENT_PROJECT_VERSION = 1;
				DEVELOPMENT_TEAM = 3M7PED79H5;
				GENERATE_INFOPLIST_FILE = YES;
				IPHONEOS_DEPLOYMENT_TARGET = 26.2;
				MACOSX_DEPLOYMENT_TARGET = 26.2;
				MARKETING_VERSION = 1.0;
				PRODUCT_BUNDLE_IDENTIFIER = "com.michaelMartell.workOS-Replicate-Convex-Template.SCR4TCHTests";
				PRODUCT_NAME = "$(TARGET_NAME)";
				SDKROOT = auto;
				STRING_CATALOG_GENERATE_SYMBOLS = NO;
				SUPPORTED_PLATFORMS = "iphoneos iphonesimulator macosx xros xrsimulator";
				SWIFT_APPROACHABLE_CONCURRENCY = YES;
				SWIFT_EMIT_LOC_STRINGS = NO;
				SWIFT_UPCOMING_FEATURE_MEMBER_IMPORT_VISIBILITY = YES;
				SWIFT_VERSION = 5.0;
				TARGETED_DEVICE_FAMILY = "1,2,7";
				TEST_HOST = "$(BUILT_PRODUCTS_DIR)/SCR4TCH.app/$(BUNDLE_EXECUTABLE_FOLDER_PATH)/SCR4TCH";
				XROS_DEPLOYMENT_TARGET = 26.2;
			};
			name = Release;
		};
		E6DE11282F291BCD00CEB8D5 /* Debug */ = {
			isa = XCBuildConfiguration;
			buildSettings = {
				CODE_SIGN_STYLE = Automatic;
				CURRENT_PROJECT_VERSION = 1;
				DEVELOPMENT_TEAM = 3M7PED79H5;
				GENERATE_INFOPLIST_FILE = YES;
				IPHONEOS_DEPLOYMENT_TARGET = 26.2;
				MACOSX_DEPLOYMENT_TARGET = 26.2;
				MARKETING_VERSION = 1.0;
				PRODUCT_BUNDLE_IDENTIFIER = "com.michaelMartell.workOS-Replicate-Convex-Template.SCR4TCHUITests";
				PRODUCT_NAME = "$(TARGET_NAME)";
				SDKROOT = auto;
				STRING_CATALOG_GENERATE_SYMBOLS = NO;
				SUPPORTED_PLATFORMS = "iphoneos iphonesimulator macosx xros xrsimulator";
				SWIFT_APPROACHABLE_CONCURRENCY = YES;
				SWIFT_EMIT_LOC_STRINGS = NO;
				SWIFT_UPCOMING_FEATURE_MEMBER_IMPORT_VISIBILITY = YES;
				SWIFT_VERSION = 5.0;
				TARGETED_DEVICE_FAMILY = "1,2,7";
				TEST_TARGET_NAME = SCR4TCH;
				XROS_DEPLOYMENT_TARGET = 26.2;
			};
			name = Debug;
		};
		E6DE11292F291BCD00CEB8D5 /* Release */ = {
			isa = XCBuildConfiguration;
			buildSettings = {
				CODE_SIGN_STYLE = Automatic;
				CURRENT_PROJECT_VERSION = 1;
				DEVELOPMENT_TEAM = 3M7PED79H5;
				GENERATE_INFOPLIST_FILE = YES;
				IPHONEOS_DEPLOYMENT_TARGET = 26.2;
				MACOSX_DEPLOYMENT_TARGET = 26.2;
				MARKETING_VERSION = 1.0;
				PRODUCT_BUNDLE_IDENTIFIER = "com.michaelMartell.workOS-Replicate-Convex-Template.SCR4TCHUITests";
				PRODUCT_NAME = "$(TARGET_NAME)";
				SDKROOT = auto;
				STRING_CATALOG_GENERATE_SYMBOLS = NO;
				SUPPORTED_PLATFORMS = "iphoneos iphonesimulator macosx xros xrsimulator";
				SWIFT_APPROACHABLE_CONCURRENCY = YES;
				SWIFT_EMIT_LOC_STRINGS = NO;
				SWIFT_UPCOMING_FEATURE_MEMBER_IMPORT_VISIBILITY = YES;
				SWIFT_VERSION = 5.0;
				TARGETED_DEVICE_FAMILY = "1,2,7";
				TEST_TARGET_NAME = SCR4TCH;
				XROS_DEPLOYMENT_TARGET = 26.2;
			};
			name = Release;
		};
/* End XCBuildConfiguration section */

/* Begin XCConfigurationList section */
		E6C8EB012F2034A600AA1B97 /* Build configuration list for PBXProject "SCR4TCH" */ = {
			isa = XCConfigurationList;
			buildConfigurations = (
				E6C8EB0F2F2034A800AA1B97 /* Debug */,
				E6C8EB102F2034A800AA1B97 /* Release */,
			);
			defaultConfigurationIsVisible = 0;
			defaultConfigurationName = Release;
		};
		E6DE11212F291BCD00CEB8D5 /* Build configuration list for PBXNativeTarget "SCR4TCH" */ = {
			isa = XCConfigurationList;
			buildConfigurations = (
				E6DE11222F291BCD00CEB8D5 /* Debug */,
				E6DE11232F291BCD00CEB8D5 /* Release */,
			);
			defaultConfigurationIsVisible = 0;
			defaultConfigurationName = Release;
		};
		E6DE11242F291BCD00CEB8D5 /* Build configuration list for PBXNativeTarget "SCR4TCHTests" */ = {
			isa = XCConfigurationList;
			buildConfigurations = (
				E6DE11252F291BCD00CEB8D5 /* Debug */,
				E6DE11262F291BCD00CEB8D5 /* Release */,
			);
			defaultConfigurationIsVisible = 0;
			defaultConfigurationName = Release;
		};
		E6DE11272F291BCD00CEB8D5 /* Build configuration list for PBXNativeTarget "SCR4TCHUITests" */ = {
			isa = XCConfigurationList;
			buildConfigurations = (
				E6DE11282F291BCD00CEB8D5 /* Debug */,
				E6DE11292F291BCD00CEB8D5 /* Release */,
			);
			defaultConfigurationIsVisible = 0;
			defaultConfigurationName = Release;
		};
/* End XCConfigurationList section */

/* Begin XCRemoteSwiftPackageReference section */
		E6CC3A3B2F2183BC005A84EB /* XCRemoteSwiftPackageReference "SDWebImageSVGCoder" */ = {
			isa = XCRemoteSwiftPackageReference;
			repositoryURL = "https://github.com/SDWebImage/SDWebImageSVGCoder.git";
			requirement = {
				kind = upToNextMajorVersion;
				minimumVersion = 1.8.0;
			};
		};
		E6CC3A3E2F2183D2005A84EB /* XCRemoteSwiftPackageReference "SDWebImageSwiftUI" */ = {
			isa = XCRemoteSwiftPackageReference;
			repositoryURL = "https://github.com/SDWebImage/SDWebImageSwiftUI.git";
			requirement = {
				kind = upToNextMajorVersion;
				minimumVersion = 3.1.4;
			};
		};
		E6CC3A412F2183EA005A84EB /* XCRemoteSwiftPackageReference "Highlightr" */ = {
			isa = XCRemoteSwiftPackageReference;
			repositoryURL = "https://github.com/raspu/Highlightr";
			requirement = {
				kind = upToNextMajorVersion;
				minimumVersion = 2.3.0;
			};
		};
/* End XCRemoteSwiftPackageReference section */

/* Begin XCSwiftPackageProductDependency section */
		E6CC3A432F2183EA005A84EB /* SDWebImageSVGCoder */ = {
			isa = XCSwiftPackageProductDependency;
			package = E6CC3A3B2F2183BC005A84EB /* XCRemoteSwiftPackageReference "SDWebImageSVGCoder" */;
			productName = SDWebImageSVGCoder;
		};
		E6CC3A442F2183EA005A84EB /* SDWebImageSwiftUI */ = {
			isa = XCSwiftPackageProductDependency;
			package = E6CC3A3E2F2183D2005A84EB /* XCRemoteSwiftPackageReference "SDWebImageSwiftUI" */;
			productName = SDWebImageSwiftUI;
		};
		E6CC3A452F2183EA005A84EB /* Highlightr */ = {
			isa = XCSwiftPackageProductDependency;
			package = E6CC3A412F2183EA005A84EB /* XCRemoteSwiftPackageReference "Highlightr" */;
			productName = Highlightr;
		};
/* End XCSwiftPackageProductDependency section */
	};
	rootObject = E6C8EAFE2F2034A600AA1B97 /* Project object */;
}
